{
  "name": "gray-chat",
  "version": "1.0.0",
  "lockfileVersion": 3,
  "requires": true,
  "packages": {
    "": {
      "name": "gray-chat",
      "version": "1.0.0",
      "license": "ISC",
      "dependencies": {
        "pretext": "^0.3.0"
      }
    },
    "node_modules/pretext": {
      "version": "0.3.0",
      "resolved": "https://registry.npmjs.org/pretext/-/pretext-0.3.0.tgz",
      "integrity": "sha512-Lw7xNZ0KL1N1pzcDr/y2rqsygNDCaZkwP4d/SglB9wFOkFtWPGj62MfYG63CAcf+J1Io5QBfGglzyULx3F9WdA==",
      "license": "BSD",
      "bin": {
        "pretext": "bin/pretext"
      }
    }
  }
}
